
Microsoft Visual Studio Solution File, Format Version 12.00
# Visual Studio Version 16
VisualStudioVersion = 16.0.31129.286
MinimumVisualStudioVersion = 10.0.40219.1
Project("{9A19103F-16F7-4668-BE54-9A1E7A4F7556}") = "WebApp", "WebApp\WebApp.csproj", "{407F1B5D-E98D-4FA6-BCA9-0E1893081ECA}"
EndProject
Project("{FAE04EC0-301F-11D3-BF4B-00C04F79EFBC}") = "Core", "Core\Core.csproj", "{D062A2E2-F2D0-42C9-95E2-94F9FEAAA82D}"
EndProject
Project("{FAE04EC0-301F-11D3-BF4B-00C04F79EFBC}") = "Shared", "Shared\Shared.csproj", "{2BFE3D7F-6573-4D2F-8E20-B717D846E6E3}"
EndProject
Global
	GlobalSection(SolutionConfigurationPlatforms) = preSolution
		Debug|Any CPU = Debug|Any CPU
		Release|Any CPU = Release|Any CPU
	EndGlobalSection
	GlobalSection(ProjectConfigurationPlatforms) = postSolution
		{407F1B5D-E98D-4FA6-BCA9-0E1893081ECA}.Debug|Any CPU.ActiveCfg = Debug|Any CPU
		{407F1B5D-E98D-4FA6-BCA9-0E1893081ECA}.Debug|Any CPU.Build.0 = Debug|Any CPU
		{407F1B5D-E98D-4FA6-BCA9-0E1893081ECA}.Release|Any CPU.ActiveCfg = Release|Any CPU
		{407F1B5D-E98D-4FA6-BCA9-0E1893081ECA}.Release|Any CPU.Build.0 = Release|Any CPU
		{D062A2E2-F2D0-42C9-95E2-94F9FEAAA82D}.Debug|Any CPU.ActiveCfg = Debug|Any CPU
		{D062A2E2-F2D0-42C9-95E2-94F9FEAAA82D}.Debug|Any CPU.Build.0 = Debug|Any CPU
		{D062A2E2-F2D0-42C9-95E2-94F9FEAAA82D}.Release|Any CPU.ActiveCfg = Release|Any CPU
		{D062A2E2-F2D0-42C9-95E2-94F9FEAAA82D}.Release|Any CPU.Build.0 = Release|Any CPU
		{2BFE3D7F-6573-4D2F-8E20-B717D846E6E3}.Debug|Any CPU.ActiveCfg = Debug|Any CPU
		{2BFE3D7F-6573-4D2F-8E20-B717D846E6E3}.Debug|Any CPU.Build.0 = Debug|Any CPU
		{2BFE3D7F-6573-4D2F-8E20-B717D846E6E3}.Release|Any CPU.ActiveCfg = Release|Any CPU
		{2BFE3D7F-6573-4D2F-8E20-B717D846E6E3}.Release|Any CPU.Build.0 = Release|Any CPU
	EndGlobalSection
	GlobalSection(SolutionProperties) = preSolution
		HideSolutionNode = FALSE
	EndGlobalSection
	GlobalSection(ExtensibilityGlobals) = postSolution
		SolutionGuid = {64051DD5-7A0C-41D5-90E1-1478F8E967B6}
	EndGlobalSection
EndGlobal
